// !$*UTF8*$!
{
	archiveVersion = 1;
	classes = {
	};
	objectVersion = 46;
	objects = {

/* Begin PBXBuildFile section */
		C5704E071B67FBE400B331F2 /* AppDelegate.swift in Sources */ = {isa = PBXBuildFile; fileRef = C5704E061B67FBE400B331F2 /* AppDelegate.swift */; };
		C5704E091B67FBE400B331F2 /* ViewController.swift in Sources */ = {isa = PBXBuildFile; fileRef = C5704E081B67FBE400B331F2 /* ViewController.swift */; };
		C5704E0C1B67FBE400B331F2 /* Main.storyboard in Resources */ = {isa = PBXBuildFile; fileRef = C5704E0A1B67FBE400B331F2 /* Main.storyboard */; };
		C5704E111B67FBE400B331F2 /* LaunchScreen.xib in Resources */ = {isa = PBXBuildFile; fileRef = C5704E0F1B67FBE400B331F2 /* LaunchScreen.xib */; };
		C5704E1D1B67FBE500B331F2 /* sound_fiddlerTests.swift in Sources */ = {isa = PBXBuildFile; fileRef = C5704E1C1B67FBE500B331F2 /* sound_fiddlerTests.swift */; };
		C599ADC11B6805EF00B25307 /* Images.xcassets in Resources */ = {isa = PBXBuildFile; fileRef = C599ADC01B6805EF00B25307 /* Images.xcassets */; };
/* End PBXBuildFile section */

/* Begin PBXContainerItemProxy section */
		C5704E171B67FBE500B331F2 /* PBXContainerItemProxy */ = {
			isa = PBXContainerItemProxy;
			containerPortal = C5704DF91B67FBE400B331F2 /* Project object */;
			proxyType = 1;
			remoteGlobalIDString = C5704E001B67FBE400B331F2;
			remoteInfo = "sound fiddler";
		};
/* End PBXContainerItemProxy section */

/* Begin PBXFileReference section */
		C5704E011B67FBE400B331F2 /* sound fiddler.app */ = {isa = PBXFileReference; explicitFileType = wrapper.application; includeInIndex = 0; path = "sound fiddler.app"; sourceTree = BUILT_PRODUCTS_DIR; };
		C5704E051B67FBE400B331F2 /* Info.plist */ = {isa = PBXFileReference; lastKnownFileType = text.plist.xml; path = Info.plist; sourceTree = "<group>"; };
		C5704E061B67FBE400B331F2 /* AppDelegate.swift */ = {isa = PBXFileReference; lastKnownFileType = sourcecode.swift; path = AppDelegate.swift; sourceTree = "<group>"; };
		C5704E081B67FBE400B331F2 /* ViewController.swift */ = {isa = PBXFileReference; lastKnownFileType = sourcecode.swift; path = ViewController.swift; sourceTree = "<group>"; };
		C5704E0B1B67FBE400B331F2 /* Base */ = {isa = PBXFileReference; lastKnownFileType = file.storyboard; name = Base; path = Base.lproj/Main.storyboard; sourceTree = "<group>"; };
		C5704E101B67FBE400B331F2 /* Base */ = {isa = PBXFileReference; lastKnownFileType = file.xib; name = Base; path = Base.lproj/LaunchScreen.xib; sourceTree = "<group>"; };
		C5704E161B67FBE500B331F2 /* sound fiddlerTests.xctest */ = {isa = PBXFileReference; explicitFileType = wrapper.cfbundle; includeInIndex = 0; path = "sound fiddlerTests.xctest"; sourceTree = BUILT_PRODUCTS_DIR; };
		C5704E1B1B67FBE500B331F2 /* Info.plist */ = {isa = PBXFileReference; lastKnownFileType = text.plist.xml; path = Info.plist; sourceTree = "<group>"; };
		C5704E1C1B67FBE500B331F2 /* sound_fiddlerTests.swift */ = {isa = PBXFileReference; lastKnownFileType = sourcecode.swift; path = sound_fiddlerTests.swift; sourceTree = "<group>"; };
		C599ADC01B6805EF00B25307 /* Images.xcassets */ = {isa = PBXFileReference; lastKnownFileType = folder.assetcatalog; path = Images.xcassets; sourceTree = "<group>"; };
/* End PBXFileReference section */

/* Begin PBXFrameworksBuildPhase section */
		C5704DFE1B67FBE400B331F2 /* Frameworks */ = {
			isa = PBXFrameworksBuildPhase;
			buildActionMask = 2147483647;
			files = (
			);
			runOnlyForDeploymentPostprocessing = 0;
		};
		C5704E131B67FBE500B331F2 /* Frameworks */ = {
			isa = PBXFrameworksBuildPhase;
			buildActionMask = 2147483647;
			files = (
			);
			runOnlyForDeploymentPostprocessing = 0;
		};
/* End PBXFrameworksBuildPhase section */

/* Begin PBXGroup section */
		C5704DF81B67FBE400B331F2 = {
			isa = PBXGroup;
			children = (
				C5704E031B67FBE400B331F2 /* sound fiddler */,
				C5704E191B67FBE500B331F2 /* sound fiddlerTests */,
				C5704E021B67FBE400B331F2 /* Products */,
			);
			sourceTree = "<group>";
		};
		C5704E021B67FBE400B331F2 /* Products */ = {
			isa = PBXGroup;
			children = (
				C5704E011B67FBE400B331F2 /* sound fiddler.app */,
				C5704E161B67FBE500B331F2 /* sound fiddlerTests.xctest */,
			);
			name = Products;
			sourceTree = "<group>";
		};
		C5704E031B67FBE400B331F2 /* sound fiddler */ = {
			isa = PBXGroup;
			children = (
				C599ADC01B6805EF00B25307 /* Images.xcassets */,
				C5704E061B67FBE400B331F2 /* AppDelegate.swift */,
				C5704E081B67FBE400B331F2 /* ViewController.swift */,
				C5704E0A1B67FBE400B331F2 /* Main.storyboard */,
				C5704E0F1B67FBE400B331F2 /* LaunchScreen.xib */,
				C5704E041B67FBE400B331F2 /* Supporting Files */,
			);
			path = "sound fiddler";
			sourceTree = "<group>";
		};
		C5704E041B67FBE400B331F2 /* Supporting Files */ = {
			isa = PBXGroup;
			children = (
				C5704E051B67FBE400B331F2 /* Info.plist */,
			);
			name = "Supporting Files";
			sourceTree = "<group>";
		};
		C5704E191B67FBE500B331F2 /* sound fiddlerTests */ = {
			isa = PBXGroup;
			children = (
				C5704E1C1B67FBE500B331F2 /* sound_fiddlerTests.swift */,
				C5704E1A1B67FBE500B331F2 /* Supporting Files */,
			);
			path = "sound fiddlerTests";
			sourceTree = "<group>";
		};
		C5704E1A1B67FBE500B331F2 /* Supporting Files */ = {
			isa = PBXGroup;
			children = (
				C5704E1B1B67FBE500B331F2 /* Info.plist */,
			);
			name = "Supporting Files";
			sourceTree = "<group>";
		};
/* End PBXGroup section */

/* Begin PBXNativeTarget section */
		C5704E001B67FBE400B331F2 /* sound fiddler */ = {
			isa = PBXNativeTarget;
			buildConfigurationList = C5704E201B67FBE500B331F2 /* Build configuration list for PBXNativeTarget "sound fiddler" */;
			buildPhases = (
				C5704DFD1B67FBE400B331F2 /* Sources */,
				C5704DFE1B67FBE400B331F2 /* Frameworks */,
				C5704DFF1B67FBE400B331F2 /* Resources */,
			);
			buildRules = (
			);
			dependencies = (
			);
			name = "sound fiddler";
			productName = "sound fiddler";
			productReference = C5704E011B67FBE400B331F2 /* sound fiddler.app */;
			productType = "com.apple.product-type.application";
		};
		C5704E151B67FBE500B331F2 /* sound fiddlerTests */ = {
			isa = PBXNativeTarget;
			buildConfigurationList = C5704E231B67FBE500B331F2 /* Build configuration list for PBXNativeTarget "sound fiddlerTests" */;
			buildPhases = (
				C5704E121B67FBE500B331F2 /* Sources */,
				C5704E131B67FBE500B331F2 /* Frameworks */,
				C5704E141B67FBE500B331F2 /* Resources */,
			);
			buildRules = (
			);
			dependencies = (
				C5704E181B67FBE500B331F2 /* PBXTargetDependency */,
			);
			name = "sound fiddlerTests";
			productName = "sound fiddlerTests";
			productReference = C5704E161B67FBE500B331F2 /* sound fiddlerTests.xctest */;
			productType = "com.apple.product-type.bundle.unit-test";
		};
/* End PBXNativeTarget section */

/* Begin PBXProject section */
		C5704DF91B67FBE400B331F2 /* Project object */ = {
			isa = PBXProject;
			attributes = {
				LastUpgradeCheck = 0640;
				ORGANIZATIONNAME = "Tezro Solutions";
				TargetAttributes = {
					C5704E001B67FBE400B331F2 = {
						CreatedOnToolsVersion = 6.4;
					};
					C5704E151B67FBE500B331F2 = {
						CreatedOnToolsVersion = 6.4;
						TestTargetID = C5704E001B67FBE400B331F2;
					};
				};
			};
			buildConfigurationList = C5704DFC1B67FBE400B331F2 /* Build configuration list for PBXProject "sound fiddler" */;
			compatibilityVersion = "Xcode 3.2";
			developmentRegion = English;
			hasScannedForEncodings = 0;
			knownRegions = (
				en,
				Base,
			);
			mainGroup = C5704DF81B67FBE400B331F2;
			productRefGroup = C5704E021B67FBE400B331F2 /* Products */;
			projectDirPath = "";
			projectRoot = "";
			targets = (
				C5704E001B67FBE400B331F2 /* sound fiddler */,
				C5704E151B67FBE500B331F2 /* sound fiddlerTests */,
			);
		};
/* End PBXProject section */

/* Begin PBXResourcesBuildPhase section */
		C5704DFF1B67FBE400B331F2 /* Resources */ = {
			isa = PBXResourcesBuildPhase;
			buildActionMask = 2147483647;
			files = (
				C599ADC11B6805EF00B25307 /* Images.xcassets in Resources */,
				C5704E0C1B67FBE400B331F2 /* Main.storyboard in Resources */,
				C5704E111B67FBE400B331F2 /* LaunchScreen.xib in Resources */,
			);
			runOnlyForDeploymentPostprocessing = 0;
		};
		C5704E141B67FBE500B331F2 /* Resources */ = {
			isa = PBXResourcesBuildPhase;
			buildActionMask = 2147483647;
			files = (
			);
			runOnlyForDeploymentPostprocessing = 0;
		};
/* End PBXResourcesBuildPhase section */

/* Begin PBXSourcesBuildPhase section */
		C5704DFD1B67FBE400B331F2 /* Sources */ = {
			isa = PBXSourcesBuildPhase;
			buildActionMask = 2147483647;
			files = (
				C5704E091B67FBE400B331F2 /* ViewController.swift in Sources */,
				C5704E071B67FBE400B331F2 /* AppDelegate.swift in Sources */,
			);
			runOnlyForDeploymentPostprocessing = 0;
		};
		C5704E121B67FBE500B331F2 /* Sources */ = {
			isa = PBXSourcesBuildPhase;
			buildActionMask = 2147483647;
			files = (
				C5704E1D1B67FBE500B331F2 /* sound_fiddlerTests.swift in Sources */,
			);
			runOnlyForDeploymentPostprocessing = 0;
		};
/* End PBXSourcesBuildPhase section */

/* Begin PBXTargetDependency section */
		C5704E181B67FBE500B331F2 /* PBXTargetDependency */ = {
			isa = PBXTargetDependency;
			target = C5704E001B67FBE400B331F2 /* sound fiddler */;
			targetProxy = C5704E171B67FBE500B331F2 /* PBXContainerItemProxy */;
		};
/* End PBXTargetDependency section */

/* Begin PBXVariantGroup section */
		C5704E0A1B67FBE400B331F2 /* Main.storyboard */ = {
			isa = PBXVariantGroup;
			children = (
				C5704E0B1B67FBE400B331F2 /* Base */,
			);
			name = Main.storyboard;
			sourceTree = "<group>";
		};
		C5704E0F1B67FBE400B331F2 /* LaunchScreen.xib */ = {
			isa = PBXVariantGroup;
			children = (
				C5704E101B67FBE400B331F2 /* Base */,
			);
			name = LaunchScreen.xib;
			sourceTree = "<group>";
		};
/* End PBXVariantGroup section */

/* Begin XCBuildConfiguration section */
		C5704E1E1B67FBE500B331F2 /* Debug */ = {
			isa = XCBuildConfiguration;
			buildSettings = {
				ALWAYS_SEARCH_USER_PATHS = NO;
				CLANG_CXX_LANGUAGE_STANDARD = "gnu++0x";
				CLANG_CXX_LIBRARY = "libc++";
				CLANG_ENABLE_MODULES = YES;
				CLANG_ENABLE_OBJC_ARC = YES;
				CLANG_WARN_BOOL_CONVERSION = YES;
				CLANG_WARN_CONSTANT_CONVERSION = YES;
				CLANG_WARN_DIRECT_OBJC_ISA_USAGE = YES_ERROR;
				CLANG_WARN_EMPTY_BODY = YES;
				CLANG_WARN_ENUM_CONVERSION = YES;
				CLANG_WARN_INT_CONVERSION = YES;
				CLANG_WARN_OBJC_ROOT_CLASS = YES_ERROR;
				CLANG_WARN_UNREACHABLE_CODE = YES;
				CLANG_WARN__DUPLICATE_METHOD_MATCH = YES;
				"CODE_SIGN_IDENTITY[sdk=iphoneos*]" = "iPhone Developer";
				COPY_PHASE_STRIP = NO;
				DEBUG_INFORMATION_FORMAT = "dwarf-with-dsym";
				ENABLE_STRICT_OBJC_MSGSEND = YES;
				GCC_C_LANGUAGE_STANDARD = gnu99;
				GCC_DYNAMIC_NO_PIC = NO;
				GCC_NO_COMMON_BLOCKS = YES;
				GCC_OPTIMIZATION_LEVEL = 0;
				GCC_PREPROCESSOR_DEFINITIONS = (
					"DEBUG=1",
					"$(inherited)",
				);
				GCC_SYMBOLS_PRIVATE_EXTERN = NO;
				GCC_WARN_64_TO_32_BIT_CONVERSION = YES;
				GCC_WARN_ABOUT_RETURN_TYPE = YES_ERROR;
				GCC_WARN_UNDECLARED_SELECTOR = YES;
				GCC_WARN_UNINITIALIZED_AUTOS = YES_AGGRESSIVE;
				GCC_WARN_UNUSED_FUNCTION = YES;
				GCC_WARN_UNUSED_VARIABLE = YES;
				IPHONEOS_DEPLOYMENT_TARGET = 8.4;
				MTL_ENABLE_DEBUG_INFO = YES;
				ONLY_ACTIVE_ARCH = YES;
				SDKROOT = iphoneos;
				SWIFT_OPTIMIZATION_LEVEL = "-Onone";
			};
			name = Debug;
		};
		C5704E1F1B67FBE500B331F2 /* Release */ = {
			isa = XCBuildConfiguration;
			buildSettings = {
				ALWAYS_SEARCH_USER_PATHS = NO;
				CLANG_CXX_LANGUAGE_STANDARD = "gnu++0x";
				CLANG_CXX_LIBRARY = "libc++";
				CLANG_ENABLE_MODULES = YES;
				CLANG_ENABLE_OBJC_ARC = YES;
				CLANG_WARN_BOOL_CONVERSION = YES;
				CLANG_WARN_CONSTANT_CONVERSION = YES;
				CLANG_WARN_DIRECT_OBJC_ISA_USAGE = YES_ERROR;
				CLANG_WARN_EMPTY_BODY = YES;
				CLANG_WARN_ENUM_CONVERSION = YES;
				CLANG_WARN_INT_CONVERSION = YES;
				CLANG_WARN_OBJC_ROOT_CLASS = YES_ERROR;
				CLANG_WARN_UNREACHABLE_CODE = YES;
				CLANG_WARN__DUPLICATE_METHOD_MATCH = YES;
				"CODE_SIGN_IDENTITY[sdk=iphoneos*]" = "iPhone Developer";
				COPY_PHASE_STRIP = NO;
				DEBUG_INFORMATION_FORMAT = "dwarf-with-dsym";
				ENABLE_NS_ASSERTIONS = NO;
				ENABLE_STRICT_OBJC_MSGSEND = YES;
				GCC_C_LANGUAGE_STANDARD = gnu99;
				GCC_NO_COMMON_BLOCKS = YES;
				GCC_WARN_64_TO_32_BIT_CONVERSION = YES;
				GCC_WARN_ABOUT_RETURN_TYPE = YES_ERROR;
				GCC_WARN_UNDECLARED_SELECTOR = YES;
				GCC_WARN_UNINITIALIZED_AUTOS = YES_AGGRESSIVE;
				GCC_WARN_UNUSED_FUNCTION = YES;
				GCC_WARN_UNUSED_VARIABLE = YES;
				IPHONEOS_DEPLOYMENT_TARGET = 8.4;
				MTL_ENABLE_DEBUG_INFO = NO;
				SDKROOT = iphoneos;
				VALIDATE_PRODUCT = YES;
			};
			name = Release;
		};
		C5704E211B67FBE500B331F2 /* Debug */ = {
			isa = XCBuildConfiguration;
			buildSettings = {
				ASSETCATALOG_COMPILER_APPICON_NAME = AppIcon;
				INFOPLIST_FILE = "sound fiddler/Info.plist";
				LD_RUNPATH_SEARCH_PATHS = "$(inherited) @executable_path/Frameworks";
				PRODUCT_NAME = "$(TARGET_NAME)";
			};
			name = Debug;
		};
		C5704E221B67FBE500B331F2 /* Release */ = {
			isa = XCBuildConfiguration;
			buildSettings = {
				ASSETCATALOG_COMPILER_APPICON_NAME = AppIcon;
				INFOPLIST_FILE = "sound fiddler/Info.plist";
				LD_RUNPATH_SEARCH_PATHS = "$(inherited) @executable_path/Frameworks";
				PRODUCT_NAME = "$(TARGET_NAME)";
			};
			name = Release;
		};
		C5704E241B67FBE500B331F2 /* Debug */ = {
			isa = XCBuildConfiguration;
			buildSettings = {
				BUNDLE_LOADER = "$(TEST_HOST)";
				FRAMEWORK_SEARCH_PATHS = (
					"$(SDKROOT)/Developer/Library/Frameworks",
					"$(inherited)",
				);
				GCC_PREPROCESSOR_DEFINITIONS = (
					"DEBUG=1",
					"$(inherited)",
				);
				INFOPLIST_FILE = "sound fiddlerTests/Info.plist";
				LD_RUNPATH_SEARCH_PATHS = "$(inherited) @executable_path/Frameworks @loader_path/Frameworks";
				PRODUCT_NAME = "$(TARGET_NAME)";
				TEST_HOST = "$(BUILT_PRODUCTS_DIR)/sound fiddler.app/sound fiddler";
			};
			name = Debug;
		};
		C5704E251B67FBE500B331F2 /* Release */ = {
			isa = XCBuildConfiguration;
			buildSettings = {
				BUNDLE_LOADER = "$(TEST_HOST)";
				FRAMEWORK_SEARCH_PATHS = (
					"$(SDKROOT)/Developer/Library/Frameworks",
					"$(inherited)",
				);
				INFOPLIST_FILE = "sound fiddlerTests/Info.plist";
				LD_RUNPATH_SEARCH_PATHS = "$(inherited) @executable_path/Frameworks @loader_path/Frameworks";
				PRODUCT_NAME = "$(TARGET_NAME)";
				TEST_HOST = "$(BUILT_PRODUCTS_DIR)/sound fiddler.app/sound fiddler";
			};
			name = Release;
		};
/* End XCBuildConfiguration section */

/* Begin XCConfigurationList section */
		C5704DFC1B67FBE400B331F2 /* Build configuration list for PBXProject "sound fiddler" */ = {
			isa = XCConfigurationList;
			buildConfigurations = (
				C5704E1E1B67FBE500B331F2 /* Debug */,
				C5704E1F1B67FBE500B331F2 /* Release */,
			);
			defaultConfigurationIsVisible = 0;
			defaultConfigurationName = Release;
		};
		C5704E201B67FBE500B331F2 /* Build configuration list for PBXNativeTarget "sound fiddler" */ = {
			isa = XCConfigurationList;
			buildConfigurations = (
				C5704E211B67FBE500B331F2 /* Debug */,
				C5704E221B67FBE500B331F2 /* Release */,
			);
			defaultConfigurationIsVisible = 0;
			defaultConfigurationName = Release;
		};
		C5704E231B67FBE500B331F2 /* Build configuration list for PBXNativeTarget "sound fiddlerTests" */ = {
			isa = XCConfigurationList;
			buildConfigurations = (
				C5704E241B67FBE500B331F2 /* Debug */,
				C5704E251B67FBE500B331F2 /* Release */,
			);
			defaultConfigurationIsVisible = 0;
			defaultConfigurationName = Release;
		};
/* End XCConfigurationList section */
	};
	rootObject = C5704DF91B67FBE400B331F2 /* Project object */;
}
